// !$*UTF8*$!
{
	archiveVersion = 1;
	classes = {
	};
	objectVersion = 46;
	objects = {

/* Begin PBXBuildFile section */
		9ACEC7311F8CACB700D0FF18 /* AppDelegate.swift in Sources */ = {isa = PBXBuildFile; fileRef = 9ACEC7301F8CACB700D0FF18 /* AppDelegate.swift */; };
		9ACEC7331F8CACB700D0FF18 /* ViewController.swift in Sources */ = {isa = PBXBuildFile; fileRef = 9ACEC7321F8CACB700D0FF18 /* ViewController.swift */; };
		9ACEC7361F8CACB700D0FF18 /* Main.storyboard in Resources */ = {isa = PBXBuildFile; fileRef = 9ACEC7341F8CACB700D0FF18 /* Main.storyboard */; };
		9ACEC7381F8CACB700D0FF18 /* Assets.xcassets in Resources */ = {isa = PBXBuildFile; fileRef = 9ACEC7371F8CACB700D0FF18 /* Assets.xcassets */; };
		9ACEC73B1F8CACB700D0FF18 /* LaunchScreen.storyboard in Resources */ = {isa = PBXBuildFile; fileRef = 9ACEC7391F8CACB700D0FF18 /* LaunchScreen.storyboard */; };
		9ACEC7461F8CACB700D0FF18 /* Stepper_iOS_SwiftTests.swift in Sources */ = {isa = PBXBuildFile; fileRef = 9ACEC7451F8CACB700D0FF18 /* Stepper_iOS_SwiftTests.swift */; };
		9ACEC7511F8CACB700D0FF18 /* Stepper_iOS_SwiftUITests.swift in Sources */ = {isa = PBXBuildFile; fileRef = 9ACEC7501F8CACB700D0FF18 /* Stepper_iOS_SwiftUITests.swift */; };
/* End PBXBuildFile section */

/* Begin PBXContainerItemProxy section */
		9ACEC7421F8CACB700D0FF18 /* PBXContainerItemProxy */ = {
			isa = PBXContainerItemProxy;
			containerPortal = 9ACEC7251F8CACB600D0FF18 /* Project object */;
			proxyType = 1;
			remoteGlobalIDString = 9ACEC72C1F8CACB700D0FF18;
			remoteInfo = "Stepper iOS Swift";
		};
		9ACEC74D1F8CACB700D0FF18 /* PBXContainerItemProxy */ = {
			isa = PBXContainerItemProxy;
			containerPortal = 9ACEC7251F8CACB600D0FF18 /* Project object */;
			proxyType = 1;
			remoteGlobalIDString = 9ACEC72C1F8CACB700D0FF18;
			remoteInfo = "Stepper iOS Swift";
		};
/* End PBXContainerItemProxy section */

/* Begin PBXFileReference section */
		9ACEC72D1F8CACB700D0FF18 /* Stepper iOS Swift.app */ = {isa = PBXFileReference; explicitFileType = wrapper.application; includeInIndex = 0; path = "Stepper iOS Swift.app"; sourceTree = BUILT_PRODUCTS_DIR; };
		9ACEC7301F8CACB700D0FF18 /* AppDelegate.swift */ = {isa = PBXFileReference; lastKnownFileType = sourcecode.swift; path = AppDelegate.swift; sourceTree = "<group>"; };
		9ACEC7321F8CACB700D0FF18 /* ViewController.swift */ = {isa = PBXFileReference; lastKnownFileType = sourcecode.swift; path = ViewController.swift; sourceTree = "<group>"; };
		9ACEC7351F8CACB700D0FF18 /* Base */ = {isa = PBXFileReference; lastKnownFileType = file.storyboard; name = Base; path = Base.lproj/Main.storyboard; sourceTree = "<group>"; };
		9ACEC7371F8CACB700D0FF18 /* Assets.xcassets */ = {isa = PBXFileReference; lastKnownFileType = folder.assetcatalog; path = Assets.xcassets; sourceTree = "<group>"; };
		9ACEC73A1F8CACB700D0FF18 /* Base */ = {isa = PBXFileReference; lastKnownFileType = file.storyboard; name = Base; path = Base.lproj/LaunchScreen.storyboard; sourceTree = "<group>"; };
		9ACEC73C1F8CACB700D0FF18 /* Info.plist */ = {isa = PBXFileReference; lastKnownFileType = text.plist.xml; path = Info.plist; sourceTree = "<group>"; };
		9ACEC7411F8CACB700D0FF18 /* Stepper iOS SwiftTests.xctest */ = {isa = PBXFileReference; explicitFileType = wrapper.cfbundle; includeInIndex = 0; path = "Stepper iOS SwiftTests.xctest"; sourceTree = BUILT_PRODUCTS_DIR; };
		9ACEC7451F8CACB700D0FF18 /* Stepper_iOS_SwiftTests.swift */ = {isa = PBXFileReference; lastKnownFileType = sourcecode.swift; path = Stepper_iOS_SwiftTests.swift; sourceTree = "<group>"; };
		9ACEC7471F8CACB700D0FF18 /* Info.plist */ = {isa = PBXFileReference; lastKnownFileType = text.plist.xml; path = Info.plist; sourceTree = "<group>"; };
		9ACEC74C1F8CACB700D0FF18 /* Stepper iOS SwiftUITests.xctest */ = {isa = PBXFileReference; explicitFileType = wrapper.cfbundle; includeInIndex = 0; path = "Stepper iOS SwiftUITests.xctest"; sourceTree = BUILT_PRODUCTS_DIR; };
		9ACEC7501F8CACB700D0FF18 /* Stepper_iOS_SwiftUITests.swift */ = {isa = PBXFileReference; lastKnownFileType = sourcecode.swift; path = Stepper_iOS_SwiftUITests.swift; sourceTree = "<group>"; };
		9ACEC7521F8CACB700D0FF18 /* Info.plist */ = {isa = PBXFileReference; lastKnownFileType = text.plist.xml; path = Info.plist; sourceTree = "<group>"; };
/* End PBXFileReference section */

/* Begin PBXFrameworksBuildPhase section */
		9ACEC72A1F8CACB700D0FF18 /* Frameworks */ = {
			isa = PBXFrameworksBuildPhase;
			buildActionMask = 2147483647;
			files = (
			);
			runOnlyForDeploymentPostprocessing = 0;
		};
		9ACEC73E1F8CACB700D0FF18 /* Frameworks */ = {
			isa = PBXFrameworksBuildPhase;
			buildActionMask = 2147483647;
			files = (
			);
			runOnlyForDeploymentPostprocessing = 0;
		};
		9ACEC7491F8CACB700D0FF18 /* Frameworks */ = {
			isa = PBXFrameworksBuildPhase;
			buildActionMask = 2147483647;
			files = (
			);
			runOnlyForDeploymentPostprocessing = 0;
		};
/* End PBXFrameworksBuildPhase section */

/* Begin PBXGroup section */
		9ACEC7241F8CACB600D0FF18 = {
			isa = PBXGroup;
			children = (
				9ACEC72F1F8CACB700D0FF18 /* Stepper iOS Swift */,
				9ACEC7441F8CACB700D0FF18 /* Stepper iOS SwiftTests */,
				9ACEC74F1F8CACB700D0FF18 /* Stepper iOS SwiftUITests */,
				9ACEC72E1F8CACB700D0FF18 /* Products */,
			);
			sourceTree = "<group>";
		};
		9ACEC72E1F8CACB700D0FF18 /* Products */ = {
			isa = PBXGroup;
			children = (
				9ACEC72D1F8CACB700D0FF18 /* Stepper iOS Swift.app */,
				9ACEC7411F8CACB700D0FF18 /* Stepper iOS SwiftTests.xctest */,
				9ACEC74C1F8CACB700D0FF18 /* Stepper iOS SwiftUITests.xctest */,
			);
			name = Products;
			sourceTree = "<group>";
		};
		9ACEC72F1F8CACB700D0FF18 /* Stepper iOS Swift */ = {
			isa = PBXGroup;
			children = (
				9ACEC7301F8CACB700D0FF18 /* AppDelegate.swift */,
				9ACEC7321F8CACB700D0FF18 /* ViewController.swift */,
				9ACEC7341F8CACB700D0FF18 /* Main.storyboard */,
				9ACEC7371F8CACB700D0FF18 /* Assets.xcassets */,
				9ACEC7391F8CACB700D0FF18 /* LaunchScreen.storyboard */,
				9ACEC73C1F8CACB700D0FF18 /* Info.plist */,
			);
			path = "Stepper iOS Swift";
			sourceTree = "<group>";
		};
		9ACEC7441F8CACB700D0FF18 /* Stepper iOS SwiftTests */ = {
			isa = PBXGroup;
			children = (
				9ACEC7451F8CACB700D0FF18 /* Stepper_iOS_SwiftTests.swift */,
				9ACEC7471F8CACB700D0FF18 /* Info.plist */,
			);
			path = "Stepper iOS SwiftTests";
			sourceTree = "<group>";
		};
		9ACEC74F1F8CACB700D0FF18 /* Stepper iOS SwiftUITests */ = {
			isa = PBXGroup;
			children = (
				9ACEC7501F8CACB700D0FF18 /* Stepper_iOS_SwiftUITests.swift */,
				9ACEC7521F8CACB700D0FF18 /* Info.plist */,
			);
			path = "Stepper iOS SwiftUITests";
			sourceTree = "<group>";
		};
/* End PBXGroup section */

/* Begin PBXNativeTarget section */
		9ACEC72C1F8CACB700D0FF18 /* Stepper iOS Swift */ = {
			isa = PBXNativeTarget;
			buildConfigurationList = 9ACEC7551F8CACB700D0FF18 /* Build configuration list for PBXNativeTarget "Stepper iOS Swift" */;
			buildPhases = (
				9ACEC7291F8CACB700D0FF18 /* Sources */,
				9ACEC72A1F8CACB700D0FF18 /* Frameworks */,
				9ACEC72B1F8CACB700D0FF18 /* Resources */,
			);
			buildRules = (
			);
			dependencies = (
			);
			name = "Stepper iOS Swift";
			productName = "Stepper iOS Swift";
			productReference = 9ACEC72D1F8CACB700D0FF18 /* Stepper iOS Swift.app */;
			productType = "com.apple.product-type.application";
		};
		9ACEC7401F8CACB700D0FF18 /* Stepper iOS SwiftTests */ = {
			isa = PBXNativeTarget;
			buildConfigurationList = 9ACEC7581F8CACB700D0FF18 /* Build configuration list for PBXNativeTarget "Stepper iOS SwiftTests" */;
			buildPhases = (
				9ACEC73D1F8CACB700D0FF18 /* Sources */,
				9ACEC73E1F8CACB700D0FF18 /* Frameworks */,
				9ACEC73F1F8CACB700D0FF18 /* Resources */,
			);
			buildRules = (
			);
			dependencies = (
				9ACEC7431F8CACB700D0FF18 /* PBXTargetDependency */,
			);
			name = "Stepper iOS SwiftTests";
			productName = "Stepper iOS SwiftTests";
			productReference = 9ACEC7411F8CACB700D0FF18 /* Stepper iOS SwiftTests.xctest */;
			productType = "com.apple.product-type.bundle.unit-test";
		};
		9ACEC74B1F8CACB700D0FF18 /* Stepper iOS SwiftUITests */ = {
			isa = PBXNativeTarget;
			buildConfigurationList = 9ACEC75B1F8CACB700D0FF18 /* Build configuration list for PBXNativeTarget "Stepper iOS SwiftUITests" */;
			buildPhases = (
				9ACEC7481F8CACB700D0FF18 /* Sources */,
				9ACEC7491F8CACB700D0FF18 /* Frameworks */,
				9ACEC74A1F8CACB700D0FF18 /* Resources */,
			);
			buildRules = (
			);
			dependencies = (
				9ACEC74E1F8CACB700D0FF18 /* PBXTargetDependency */,
			);
			name = "Stepper iOS SwiftUITests";
			productName = "Stepper iOS SwiftUITests";
			productReference = 9ACEC74C1F8CACB700D0FF18 /* Stepper iOS SwiftUITests.xctest */;
			productType = "com.apple.product-type.bundle.ui-testing";
		};
/* End PBXNativeTarget section */

/* Begin PBXProject section */
		9ACEC7251F8CACB600D0FF18 /* Project object */ = {
			isa = PBXProject;
			attributes = {
				LastSwiftUpdateCheck = 0830;
				LastUpgradeCheck = 0830;
				ORGANIZATIONNAME = "Rizki Syaputra";
				TargetAttributes = {
					9ACEC72C1F8CACB700D0FF18 = {
						CreatedOnToolsVersion = 8.3;
						ProvisioningStyle = Automatic;
					};
					9ACEC7401F8CACB700D0FF18 = {
						CreatedOnToolsVersion = 8.3;
						ProvisioningStyle = Automatic;
						TestTargetID = 9ACEC72C1F8CACB700D0FF18;
					};
					9ACEC74B1F8CACB700D0FF18 = {
						CreatedOnToolsVersion = 8.3;
						ProvisioningStyle = Automatic;
						TestTargetID = 9ACEC72C1F8CACB700D0FF18;
					};
				};
			};
			buildConfigurationList = 9ACEC7281F8CACB600D0FF18 /* Build configuration list for PBXProject "Stepper iOS Swift" */;
			compatibilityVersion = "Xcode 3.2";
			developmentRegion = English;
			hasScannedForEncodings = 0;
			knownRegions = (
				en,
				Base,
			);
			mainGroup = 9ACEC7241F8CACB600D0FF18;
			productRefGroup = 9ACEC72E1F8CACB700D0FF18 /* Products */;
			projectDirPath = "";
			projectRoot = "";
			targets = (
				9ACEC72C1F8CACB700D0FF18 /* Stepper iOS Swift */,
				9ACEC7401F8CACB700D0FF18 /* Stepper iOS SwiftTests */,
				9ACEC74B1F8CACB700D0FF18 /* Stepper iOS SwiftUITests */,
			);
		};
/* End PBXProject section */

/* Begin PBXResourcesBuildPhase section */
		9ACEC72B1F8CACB700D0FF18 /* Resources */ = {
			isa = PBXResourcesBuildPhase;
			buildActionMask = 2147483647;
			files = (
				9ACEC73B1F8CACB700D0FF18 /* LaunchScreen.storyboard in Resources */,
				9ACEC7381F8CACB700D0FF18 /* Assets.xcassets in Resources */,
				9ACEC7361F8CACB700D0FF18 /* Main.storyboard in Resources */,
			);
			runOnlyForDeploymentPostprocessing = 0;
		};
		9ACEC73F1F8CACB700D0FF18 /* Resources */ = {
			isa = PBXResourcesBuildPhase;
			buildActionMask = 2147483647;
			files = (
			);
			runOnlyForDeploymentPostprocessing = 0;
		};
		9ACEC74A1F8CACB700D0FF18 /* Resources */ = {
			isa = PBXResourcesBuildPhase;
			buildActionMask = 2147483647;
			files = (
			);
			runOnlyForDeploymentPostprocessing = 0;
		};
/* End PBXResourcesBuildPhase section */

/* Begin PBXSourcesBuildPhase section */
		9ACEC7291F8CACB700D0FF18 /* Sources */ = {
			isa = PBXSourcesBuildPhase;
			buildActionMask = 2147483647;
			files = (
				9ACEC7331F8CACB700D0FF18 /* ViewController.swift in Sources */,
				9ACEC7311F8CACB700D0FF18 /* AppDelegate.swift in Sources */,
			);
			runOnlyForDeploymentPostprocessing = 0;
		};
		9ACEC73D1F8CACB700D0FF18 /* Sources */ = {
			isa = PBXSourcesBuildPhase;
			buildActionMask = 2147483647;
			files = (
				9ACEC7461F8CACB700D0FF18 /* Stepper_iOS_SwiftTests.swift in Sources */,
			);
			runOnlyForDeploymentPostprocessing = 0;
		};
		9ACEC7481F8CACB700D0FF18 /* Sources */ = {
			isa = PBXSourcesBuildPhase;
			buildActionMask = 2147483647;
			files = (
				9ACEC7511F8CACB700D0FF18 /* Stepper_iOS_SwiftUITests.swift in Sources */,
			);
			runOnlyForDeploymentPostprocessing = 0;
		};
/* End PBXSourcesBuildPhase section */

/* Begin PBXTargetDependency section */
		9ACEC7431F8CACB700D0FF18 /* PBXTargetDependency */ = {
			isa = PBXTargetDependency;
			target = 9ACEC72C1F8CACB700D0FF18 /* Stepper iOS Swift */;
			targetProxy = 9ACEC7421F8CACB700D0FF18 /* PBXContainerItemProxy */;
		};
		9ACEC74E1F8CACB700D0FF18 /* PBXTargetDependency */ = {
			isa = PBXTargetDependency;
			target = 9ACEC72C1F8CACB700D0FF18 /* Stepper iOS Swift */;
			targetProxy = 9ACEC74D1F8CACB700D0FF18 /* PBXContainerItemProxy */;
		};
/* End PBXTargetDependency section */

/* Begin PBXVariantGroup section */
		9ACEC7341F8CACB700D0FF18 /* Main.storyboard */ = {
			isa = PBXVariantGroup;
			children = (
				9ACEC7351F8CACB700D0FF18 /* Base */,
			);
			name = Main.storyboard;
			sourceTree = "<group>";
		};
		9ACEC7391F8CACB700D0FF18 /* LaunchScreen.storyboard */ = {
			isa = PBXVariantGroup;
			children = (
				9ACEC73A1F8CACB700D0FF18 /* Base */,
			);
			name = LaunchScreen.storyboard;
			sourceTree = "<group>";
		};
/* End PBXVariantGroup section */

/* Begin XCBuildConfiguration section */
		9ACEC7531F8CACB700D0FF18 /* Debug */ = {
			isa = XCBuildConfiguration;
			buildSettings = {
				ALWAYS_SEARCH_USER_PATHS = NO;
				CLANG_ANALYZER_NONNULL = YES;
				CLANG_ANALYZER_NUMBER_OBJECT_CONVERSION = YES_AGGRESSIVE;
				CLANG_CXX_LANGUAGE_STANDARD = "gnu++0x";
				CLANG_CXX_LIBRARY = "libc++";
				CLANG_ENABLE_MODULES = YES;
				CLANG_ENABLE_OBJC_ARC = YES;
				CLANG_WARN_BOOL_CONVERSION = YES;
				CLANG_WARN_CONSTANT_CONVERSION = YES;
				CLANG_WARN_DIRECT_OBJC_ISA_USAGE = YES_ERROR;
				CLANG_WARN_DOCUMENTATION_COMMENTS = YES;
				CLANG_WARN_EMPTY_BODY = YES;
				CLANG_WARN_ENUM_CONVERSION = YES;
				CLANG_WARN_INFINITE_RECURSION = YES;
				CLANG_WARN_INT_CONVERSION = YES;
				CLANG_WARN_OBJC_ROOT_CLASS = YES_ERROR;
				CLANG_WARN_SUSPICIOUS_MOVE = YES;
				CLANG_WARN_UNREACHABLE_CODE = YES;
				CLANG_WARN__DUPLICATE_METHOD_MATCH = YES;
				"CODE_SIGN_IDENTITY[sdk=iphoneos*]" = "iPhone Developer";
				COPY_PHASE_STRIP = NO;
				DEBUG_INFORMATION_FORMAT = dwarf;
				ENABLE_STRICT_OBJC_MSGSEND = YES;
				ENABLE_TESTABILITY = YES;
				GCC_C_LANGUAGE_STANDARD = gnu99;
				GCC_DYNAMIC_NO_PIC = NO;
				GCC_NO_COMMON_BLOCKS = YES;
				GCC_OPTIMIZATION_LEVEL = 0;
				GCC_PREPROCESSOR_DEFINITIONS = (
					"DEBUG=1",
					"$(inherited)",
				);
				GCC_WARN_64_TO_32_BIT_CONVERSION = YES;
				GCC_WARN_ABOUT_RETURN_TYPE = YES_ERROR;
				GCC_WARN_UNDECLARED_SELECTOR = YES;
				GCC_WARN_UNINITIALIZED_AUTOS = YES_AGGRESSIVE;
				GCC_WARN_UNUSED_FUNCTION = YES;
				GCC_WARN_UNUSED_VARIABLE = YES;
				IPHONEOS_DEPLOYMENT_TARGET = 10.3;
				MTL_ENABLE_DEBUG_INFO = YES;
				ONLY_ACTIVE_ARCH = YES;
				SDKROOT = iphoneos;
				SWIFT_ACTIVE_COMPILATION_CONDITIONS = DEBUG;
				SWIFT_OPTIMIZATION_LEVEL = "-Onone";
				TARGETED_DEVICE_FAMILY = "1,2";
			};
			name = Debug;
		};
		9ACEC7541F8CACB700D0FF18 /* Release */ = {
			isa = XCBuildConfiguration;
			buildSettings = {
				ALWAYS_SEARCH_USER_PATHS = NO;
				CLANG_ANALYZER_NONNULL = YES;
				CLANG_ANALYZER_NUMBER_OBJECT_CONVERSION = YES_AGGRESSIVE;
				CLANG_CXX_LANGUAGE_STANDARD = "gnu++0x";
				CLANG_CXX_LIBRARY = "libc++";
				CLANG_ENABLE_MODULES = YES;
				CLANG_ENABLE_OBJC_ARC = YES;
				CLANG_WARN_BOOL_CONVERSION = YES;
				CLANG_WARN_CONSTANT_CONVERSION = YES;
				CLANG_WARN_DIRECT_OBJC_ISA_USAGE = YES_ERROR;
				CLANG_WARN_DOCUMENTATION_COMMENTS = YES;
				CLANG_WARN_EMPTY_BODY = YES;
				CLANG_WARN_ENUM_CONVERSION = YES;
				CLANG_WARN_INFINITE_RECURSION = YES;
				CLANG_WARN_INT_CONVERSION = YES;
				CLANG_WARN_OBJC_ROOT_CLASS = YES_ERROR;
				CLANG_WARN_SUSPICIOUS_MOVE = YES;
				CLANG_WARN_UNREACHABLE_CODE = YES;
				CLANG_WARN__DUPLICATE_METHOD_MATCH = YES;
				"CODE_SIGN_IDENTITY[sdk=iphoneos*]" = "iPhone Developer";
				COPY_PHASE_STRIP = NO;
				DEBUG_INFORMATION_FORMAT = "dwarf-with-dsym";
				ENABLE_NS_ASSERTIONS = NO;
				ENABLE_STRICT_OBJC_MSGSEND = YES;
				GCC_C_LANGUAGE_STANDARD = gnu99;
				GCC_NO_COMMON_BLOCKS = YES;
				GCC_WARN_64_TO_32_BIT_CONVERSION = YES;
				GCC_WARN_ABOUT_RETURN_TYPE = YES_ERROR;
				GCC_WARN_UNDECLARED_SELECTOR = YES;
				GCC_WARN_UNINITIALIZED_AUTOS = YES_AGGRESSIVE;
				GCC_WARN_UNUSED_FUNCTION = YES;
				GCC_WARN_UNUSED_VARIABLE = YES;
				IPHONEOS_DEPLOYMENT_TARGET = 10.3;
				MTL_ENABLE_DEBUG_INFO = NO;
				SDKROOT = iphoneos;
				SWIFT_OPTIMIZATION_LEVEL = "-Owholemodule";
				TARGETED_DEVICE_FAMILY = "1,2";
				VALIDATE_PRODUCT = YES;
			};
			name = Release;
		};
		9ACEC7561F8CACB700D0FF18 /* Debug */ = {
			isa = XCBuildConfiguration;
			buildSettings = {
				ASSETCATALOG_COMPILER_APPICON_NAME = AppIcon;
				INFOPLIST_FILE = "Stepper iOS Swift/Info.plist";
				LD_RUNPATH_SEARCH_PATHS = "$(inherited) @executable_path/Frameworks";
				PRODUCT_BUNDLE_IDENTIFIER = "programmermuslim.Stepper-iOS-Swift";
				PRODUCT_NAME = "$(TARGET_NAME)";
				SWIFT_VERSION = 3.0;
			};
			name = Debug;
		};
		9ACEC7571F8CACB700D0FF18 /* Release */ = {
			isa = XCBuildConfiguration;
			buildSettings = {
				ASSETCATALOG_COMPILER_APPICON_NAME = AppIcon;
				INFOPLIST_FILE = "Stepper iOS Swift/Info.plist";
				LD_RUNPATH_SEARCH_PATHS = "$(inherited) @executable_path/Frameworks";
				PRODUCT_BUNDLE_IDENTIFIER = "programmermuslim.Stepper-iOS-Swift";
				PRODUCT_NAME = "$(TARGET_NAME)";
				SWIFT_VERSION = 3.0;
			};
			name = Release;
		};
		9ACEC7591F8CACB700D0FF18 /* Debug */ = {
			isa = XCBuildConfiguration;
			buildSettings = {
				ALWAYS_EMBED_SWIFT_STANDARD_LIBRARIES = YES;
				BUNDLE_LOADER = "$(TEST_HOST)";
				INFOPLIST_FILE = "Stepper iOS SwiftTests/Info.plist";
				LD_RUNPATH_SEARCH_PATHS = "$(inherited) @executable_path/Frameworks @loader_path/Frameworks";
				PRODUCT_BUNDLE_IDENTIFIER = "programmermuslim.Stepper-iOS-SwiftTests";
				PRODUCT_NAME = "$(TARGET_NAME)";
				SWIFT_VERSION = 3.0;
				TEST_HOST = "$(BUILT_PRODUCTS_DIR)/Stepper iOS Swift.app/Stepper iOS Swift";
			};
			name = Debug;
		};
		9ACEC75A1F8CACB700D0FF18 /* Release */ = {
			isa = XCBuildConfiguration;
			buildSettings = {
				ALWAYS_EMBED_SWIFT_STANDARD_LIBRARIES = YES;
				BUNDLE_LOADER = "$(TEST_HOST)";
				INFOPLIST_FILE = "Stepper iOS SwiftTests/Info.plist";
				LD_RUNPATH_SEARCH_PATHS = "$(inherited) @executable_path/Frameworks @loader_path/Frameworks";
				PRODUCT_BUNDLE_IDENTIFIER = "programmermuslim.Stepper-iOS-SwiftTests";
				PRODUCT_NAME = "$(TARGET_NAME)";
				SWIFT_VERSION = 3.0;
				TEST_HOST = "$(BUILT_PRODUCTS_DIR)/Stepper iOS Swift.app/Stepper iOS Swift";
			};
			name = Release;
		};
		9ACEC75C1F8CACB700D0FF18 /* Debug */ = {
			isa = XCBuildConfiguration;
			buildSettings = {
				ALWAYS_EMBED_SWIFT_STANDARD_LIBRARIES = YES;
				INFOPLIST_FILE = "Stepper iOS SwiftUITests/Info.plist";
				LD_RUNPATH_SEARCH_PATHS = "$(inherited) @executable_path/Frameworks @loader_path/Frameworks";
				PRODUCT_BUNDLE_IDENTIFIER = "programmermuslim.Stepper-iOS-SwiftUITests";
				PRODUCT_NAME = "$(TARGET_NAME)";
				SWIFT_VERSION = 3.0;
				TEST_TARGET_NAME = "Stepper iOS Swift";
			};
			name = Debug;
		};
		9ACEC75D1F8CACB700D0FF18 /* Release */ = {
			isa = XCBuildConfiguration;
			buildSettings = {
				ALWAYS_EMBED_SWIFT_STANDARD_LIBRARIES = YES;
				INFOPLIST_FILE = "Stepper iOS SwiftUITests/Info.plist";
				LD_RUNPATH_SEARCH_PATHS = "$(inherited) @executable_path/Frameworks @loader_path/Frameworks";
				PRODUCT_BUNDLE_IDENTIFIER = "programmermuslim.Stepper-iOS-SwiftUITests";
				PRODUCT_NAME = "$(TARGET_NAME)";
				SWIFT_VERSION = 3.0;
				TEST_TARGET_NAME = "Stepper iOS Swift";
			};
			name = Release;
		};
/* End XCBuildConfiguration section */

/* Begin XCConfigurationList section */
		9ACEC7281F8CACB600D0FF18 /* Build configuration list for PBXProject "Stepper iOS Swift" */ = {
			isa = XCConfigurationList;
			buildConfigurations = (
				9ACEC7531F8CACB700D0FF18 /* Debug */,
				9ACEC7541F8CACB700D0FF18 /* Release */,
			);
			defaultConfigurationIsVisible = 0;
			defaultConfigurationName = Release;
		};
		9ACEC7551F8CACB700D0FF18 /* Build configuration list for PBXNativeTarget "Stepper iOS Swift" */ = {
			isa = XCConfigurationList;
			buildConfigurations = (
				9ACEC7561F8CACB700D0FF18 /* Debug */,
				9ACEC7571F8CACB700D0FF18 /* Release */,
			);
			defaultConfigurationIsVisible = 0;
		};
		9ACEC7581F8CACB700D0FF18 /* Build configuration list for PBXNativeTarget "Stepper iOS SwiftTests" */ = {
			isa = XCConfigurationList;
			buildConfigurations = (
				9ACEC7591F8CACB700D0FF18 /* Debug */,
				9ACEC75A1F8CACB700D0FF18 /* Release */,
			);
			defaultConfigurationIsVisible = 0;
		};
		9ACEC75B1F8CACB700D0FF18 /* Build configuration list for PBXNativeTarget "Stepper iOS SwiftUITests" */ = {
			isa = XCConfigurationList;
			buildConfigurations = (
				9ACEC75C1F8CACB700D0FF18 /* Debug */,
				9ACEC75D1F8CACB700D0FF18 /* Release */,
			);
			defaultConfigurationIsVisible = 0;
		};
/* End XCConfigurationList section */
	};
	rootObject = 9ACEC7251F8CACB600D0FF18 /* Project object */;
}
